
Microsoft Visual Studio Solution File, Format Version 12.00
# Visual Studio Version 16
VisualStudioVersion = 16.0.33529.622
MinimumVisualStudioVersion = 10.0.40219.1
Project("{FAE04EC0-301F-11D3-BF4B-00C04F79EFBC}") = "WebAPISampleApp", "WebAPISampleApp\WebAPISampleApp.csproj", "{E0220449-FE39-427A-BDDF-0C4F8D501B82}"
EndProject
Global
	GlobalSection(SolutionConfigurationPlatforms) = preSolution
		Debug|Any CPU = Debug|Any CPU
		Release|Any CPU = Release|Any CPU
	EndGlobalSection
	GlobalSection(ProjectConfigurationPlatforms) = postSolution
		{E0220449-FE39-427A-BDDF-0C4F8D501B82}.Debug|Any CPU.ActiveCfg = Debug|Any CPU
		{E0220449-FE39-427A-BDDF-0C4F8D501B82}.Debug|Any CPU.Build.0 = Debug|Any CPU
		{E0220449-FE39-427A-BDDF-0C4F8D501B82}.Release|Any CPU.ActiveCfg = Release|Any CPU
		{E0220449-FE39-427A-BDDF-0C4F8D501B82}.Release|Any CPU.Build.0 = Release|Any CPU
	EndGlobalSection
	GlobalSection(SolutionProperties) = preSolution
		HideSolutionNode = FALSE
	EndGlobalSection
	GlobalSection(ExtensibilityGlobals) = postSolution
		SolutionGuid = {E784A3C6-711D-43DA-B96A-40799374F12F}
	EndGlobalSection
EndGlobal
